NeoBundleLock javacomplete f3d9ce93b4452baf5cb15b68d3b2a925a10a6e7d
NeoBundleLock jedi-vim 525524b5cfd6caf01fb77a108c5c2dcfade5edc4
NeoBundleLock neobundle.vim 1fb9010a1eb22d0e11bd853d4b8280b2fffb43f0
NeoBundleLock neocomplete-rsense.vim a8b7460a41eb96aa1c9e49b231dd95e216c8dc2d
NeoBundleLock neocomplete.vim 5adbcdccea200b83b1145378e49600758e227e32
NeoBundleLock nerdtree 0b44415a3302030b56755cc1135ca9ca57dc1ada
NeoBundleLock rsense 2952a54972cf927d5419085d1867b65ff7ab0d41
NeoBundleLock ruby-matchit c4d8079287fc8d804d2a92bcb66964d673666540
NeoBundleLock tcomment_vim e5da693f339a9cfeab411c5658156ab5bfed6e30
NeoBundleLock vim-coffee-script 32fe889b8cafd3a4921ef8e6485156453ff58c42
NeoBundleLock vim-endwise f06abe3d6eca6f6ebfc31ea3163a51575f450df6
NeoBundleLock vim-go 8e372df16b17b0356b4c844829154c4103889425
NeoBundleLock vim-javascript 1d8c2677d26d6b3950b90dc1636e63334c8efc3b
NeoBundleLock vim-scala 71ada50fc5e2b3c9fdbdb75835a218d2c245efec
NeoBundleLock vimproc 9b2e4ef895673a9c983a4e4c354cffdb3cae37be
